github.com/mls-361/buffer v0.0.0-20210103213437-81ee3f6478c8 h1:SNPGm0iMWj0Mb26/TKSScvdE+w98++yMNe5LfzlQn8c=
github.com/mls-361/buffer v0.0.0-20210103213437-81ee3f6478c8/go.mod h1:skxL3BFTFnQe9Z8QD8DpEygWzVGTlcRPWc3tcQgRDRY=
github.com/mls-361/failure v0.0.0-20210103213724-67f4cd2e77b7 h1:l++wiAF9NpU/7+DScxxRVB4YLGtr6r1PpS95BhE4JxA=
github.com/mls-361/failure v0.0.0-20210103213724-67f4cd2e77b7/go.mod h1:tM7wbGoXpoDx7widuG+NJQ0WW4PUIr22xImtcBqUbys=
github.com/mls-361/logfmt v0.0.0-20210103213624-dfce4a07a454 h1:jnBIBFsUZskioh57pVwEX9r++PvxqiFqY03UPfR4XyM=
github.com/mls-361/logfmt v0.0.0-20210103213624-dfce4a07a454/go.mod h1:qBYtM0w3GM8BleORllSY/szCdDY1Qst6f32oumitrQs=
github.com/robfig/cron/v3 v3.0.1 h1:WdRxkvbJztn8LMz/QEvLN5sBU+xKpSqwwUO1Pjr4qDs=
github.com/robfig/cron/v3 v3.0.1/go.mod h1:eQICP3HwyT7UooqI/z+Ov+PtYAWygg1TEWWzGIFLtro=
