github.com/mls-361/buffer v0.0.0-20210214143923-2dc8b703831b h1:idkigFFk06uq8KDZjfmrIj2qXYO4F466ZHrKkA8Ak8E=
github.com/mls-361/buffer v0.0.0-20210214143923-2dc8b703831b/go.mod h1:skxL3BFTFnQe9Z8QD8DpEygWzVGTlcRPWc3tcQgRDRY=
github.com/mls-361/failure v0.0.0-20210214150656-bf33513ce561 h1:KMNRnoFBAQT3GACQG8USlKWLgkGt6iG7xgYH2fbpwJc=
github.com/mls-361/failure v0.0.0-20210214150656-bf33513ce561/go.mod h1:BWQr6RZOwoWz8xbSaQ/UDhncmL+diACBTHa1CEYLfSA=
github.com/mls-361/logfmt v0.0.0-20210214150102-dc79140262f2 h1:Zt6lQ5jFV60/7KuP2zqgI1kCOhXsoUmwfANYR/5vtTM=
github.com/mls-361/logfmt v0.0.0-20210214150102-dc79140262f2/go.mod h1:DKp8pWoA93y8WBQiSR0KDpNsE2rAioxfQNL+rLcKslU=
github.com/robfig/cron/v3 v3.0.1 h1:WdRxkvbJztn8LMz/QEvLN5sBU+xKpSqwwUO1Pjr4qDs=
github.com/robfig/cron/v3 v3.0.1/go.mod h1:eQICP3HwyT7UooqI/z+Ov+PtYAWygg1TEWWzGIFLtro=
